
Microsoft Visual Studio Solution File, Format Version 12.00
# Visual Studio Version 16
VisualStudioVersion = 16.0.30709.64
MinimumVisualStudioVersion = 15.0.26124.0
Project("{2150E333-8FDC-42A3-9474-1A3956D46DE8}") = "src", "src", "{32C08CAA-5B35-4960-83FE-0829B47E8014}"
EndProject
Project("{9A19103F-16F7-4668-BE54-9A1E7A4F7556}") = "WebApp", "src\WebApp\WebApp.csproj", "{17E655FC-40AC-4A10-8BC1-169971FFAE82}"
EndProject
Project("{9A19103F-16F7-4668-BE54-9A1E7A4F7556}") = "BlazorApp", "src\BlazorApp\BlazorApp.csproj", "{B9AA421E-C595-49EE-BDA4-D286CA0FC5CF}"
EndProject
Global
	GlobalSection(SolutionConfigurationPlatforms) = preSolution
		Debug|Any CPU = Debug|Any CPU
		Debug|x64 = Debug|x64
		Debug|x86 = Debug|x86
		Release|Any CPU = Release|Any CPU
		Release|x64 = Release|x64
		Release|x86 = Release|x86
	EndGlobalSection
	GlobalSection(ProjectConfigurationPlatforms) = postSolution
		{17E655FC-40AC-4A10-8BC1-169971FFAE82}.Debug|Any CPU.ActiveCfg = Debug|Any CPU
		{17E655FC-40AC-4A10-8BC1-169971FFAE82}.Debug|Any CPU.Build.0 = Debug|Any CPU
		{17E655FC-40AC-4A10-8BC1-169971FFAE82}.Debug|x64.ActiveCfg = Debug|Any CPU
		{17E655FC-40AC-4A10-8BC1-169971FFAE82}.Debug|x64.Build.0 = Debug|Any CPU
		{17E655FC-40AC-4A10-8BC1-169971FFAE82}.Debug|x86.ActiveCfg = Debug|Any CPU
		{17E655FC-40AC-4A10-8BC1-169971FFAE82}.Debug|x86.Build.0 = Debug|Any CPU
		{17E655FC-40AC-4A10-8BC1-169971FFAE82}.Release|Any CPU.ActiveCfg = Release|Any CPU
		{17E655FC-40AC-4A10-8BC1-169971FFAE82}.Release|Any CPU.Build.0 = Release|Any CPU
		{17E655FC-40AC-4A10-8BC1-169971FFAE82}.Release|x64.ActiveCfg = Release|Any CPU
		{17E655FC-40AC-4A10-8BC1-169971FFAE82}.Release|x64.Build.0 = Release|Any CPU
		{17E655FC-40AC-4A10-8BC1-169971FFAE82}.Release|x86.ActiveCfg = Release|Any CPU
		{17E655FC-40AC-4A10-8BC1-169971FFAE82}.Release|x86.Build.0 = Release|Any CPU
		{B9AA421E-C595-49EE-BDA4-D286CA0FC5CF}.Debug|Any CPU.ActiveCfg = Debug|Any CPU
		{B9AA421E-C595-49EE-BDA4-D286CA0FC5CF}.Debug|Any CPU.Build.0 = Debug|Any CPU
		{B9AA421E-C595-49EE-BDA4-D286CA0FC5CF}.Debug|x64.ActiveCfg = Debug|Any CPU
		{B9AA421E-C595-49EE-BDA4-D286CA0FC5CF}.Debug|x64.Build.0 = Debug|Any CPU
		{B9AA421E-C595-49EE-BDA4-D286CA0FC5CF}.Debug|x86.ActiveCfg = Debug|Any CPU
		{B9AA421E-C595-49EE-BDA4-D286CA0FC5CF}.Debug|x86.Build.0 = Debug|Any CPU
		{B9AA421E-C595-49EE-BDA4-D286CA0FC5CF}.Release|Any CPU.ActiveCfg = Release|Any CPU
		{B9AA421E-C595-49EE-BDA4-D286CA0FC5CF}.Release|Any CPU.Build.0 = Release|Any CPU
		{B9AA421E-C595-49EE-BDA4-D286CA0FC5CF}.Release|x64.ActiveCfg = Release|Any CPU
		{B9AA421E-C595-49EE-BDA4-D286CA0FC5CF}.Release|x64.Build.0 = Release|Any CPU
		{B9AA421E-C595-49EE-BDA4-D286CA0FC5CF}.Release|x86.ActiveCfg = Release|Any CPU
		{B9AA421E-C595-49EE-BDA4-D286CA0FC5CF}.Release|x86.Build.0 = Release|Any CPU
	EndGlobalSection
	GlobalSection(SolutionProperties) = preSolution
		HideSolutionNode = FALSE
	EndGlobalSection
	GlobalSection(NestedProjects) = preSolution
		{17E655FC-40AC-4A10-8BC1-169971FFAE82} = {32C08CAA-5B35-4960-83FE-0829B47E8014}
		{B9AA421E-C595-49EE-BDA4-D286CA0FC5CF} = {32C08CAA-5B35-4960-83FE-0829B47E8014}
	EndGlobalSection
	GlobalSection(ExtensibilityGlobals) = postSolution
		SolutionGuid = {96BF70D2-3F6D-44CA-89BA-5053E3BA2C26}
	EndGlobalSection
EndGlobal
